
Microsoft Visual Studio Solution File, Format Version 12.00
# Visual Studio Version 16
VisualStudioVersion = 16.0.29613.14
MinimumVisualStudioVersion = 10.0.40219.1
Project("{FAE04EC0-301F-11D3-BF4B-00C04F79EFBC}") = "fhirBot", "fhirBot\fhirBot.csproj", "{203E8171-A8A9-4BDE-8CC4-CBE02AF1CCA2}"
EndProject
Global
	GlobalSection(SolutionConfigurationPlatforms) = preSolution
		Debug|Any CPU = Debug|Any CPU
		Release|Any CPU = Release|Any CPU
	EndGlobalSection
	GlobalSection(ProjectConfigurationPlatforms) = postSolution
		{203E8171-A8A9-4BDE-8CC4-CBE02AF1CCA2}.Debug|Any CPU.ActiveCfg = Debug|Any CPU
		{203E8171-A8A9-4BDE-8CC4-CBE02AF1CCA2}.Debug|Any CPU.Build.0 = Debug|Any CPU
		{203E8171-A8A9-4BDE-8CC4-CBE02AF1CCA2}.Release|Any CPU.ActiveCfg = Release|Any CPU
		{203E8171-A8A9-4BDE-8CC4-CBE02AF1CCA2}.Release|Any CPU.Build.0 = Release|Any CPU
	EndGlobalSection
	GlobalSection(SolutionProperties) = preSolution
		HideSolutionNode = FALSE
	EndGlobalSection
	GlobalSection(ExtensibilityGlobals) = postSolution
		SolutionGuid = {183139F8-BE74-4545-88AB-AB2A5628D19B}
	EndGlobalSection
EndGlobal
